
Microsoft Visual Studio Solution File, Format Version 12.00
# Visual Studio Version 17
VisualStudioVersion = 17.14.36429.23 d17.14
MinimumVisualStudioVersion = 10.0.40219.1
Project("{FAE04EC0-301F-11D3-BF4B-00C04F79EFBC}") = "salarioRevendedoraVendedor", "salarioRevendedoraVendedor\salarioRevendedoraVendedor.csproj", "{C79A9C28-6BF5-40C9-8DC1-AE51160DC816}"
EndProject
Global
	GlobalSection(SolutionConfigurationPlatforms) = preSolution
		Debug|Any CPU = Debug|Any CPU
		Release|Any CPU = Release|Any CPU
	EndGlobalSection
	GlobalSection(ProjectConfigurationPlatforms) = postSolution
		{C79A9C28-6BF5-40C9-8DC1-AE51160DC816}.Debug|Any CPU.ActiveCfg = Debug|Any CPU
		{C79A9C28-6BF5-40C9-8DC1-AE51160DC816}.Debug|Any CPU.Build.0 = Debug|Any CPU
		{C79A9C28-6BF5-40C9-8DC1-AE51160DC816}.Release|Any CPU.ActiveCfg = Release|Any CPU
		{C79A9C28-6BF5-40C9-8DC1-AE51160DC816}.Release|Any CPU.Build.0 = Release|Any CPU
	EndGlobalSection
	GlobalSection(SolutionProperties) = preSolution
		HideSolutionNode = FALSE
	EndGlobalSection
	GlobalSection(ExtensibilityGlobals) = postSolution
		SolutionGuid = {CF1502E2-F12C-464B-BEE2-95CBF8053EB9}
	EndGlobalSection
EndGlobal
