
Microsoft Visual Studio Solution File, Format Version 12.00
# Visual Studio Version 17
VisualStudioVersion = 17.14.36429.23 d17.14
MinimumVisualStudioVersion = 10.0.40219.1
Project("{FAE04EC0-301F-11D3-BF4B-00C04F79EFBC}") = "areaTerreno", "areaTerreno\areaTerreno.csproj", "{F43AEFC2-AA08-4A76-B3FC-F6DAB0E83620}"
EndProject
Global
	GlobalSection(SolutionConfigurationPlatforms) = preSolution
		Debug|Any CPU = Debug|Any CPU
		Release|Any CPU = Release|Any CPU
	EndGlobalSection
	GlobalSection(ProjectConfigurationPlatforms) = postSolution
		{F43AEFC2-AA08-4A76-B3FC-F6DAB0E83620}.Debug|Any CPU.ActiveCfg = Debug|Any CPU
		{F43AEFC2-AA08-4A76-B3FC-F6DAB0E83620}.Debug|Any CPU.Build.0 = Debug|Any CPU
		{F43AEFC2-AA08-4A76-B3FC-F6DAB0E83620}.Release|Any CPU.ActiveCfg = Release|Any CPU
		{F43AEFC2-AA08-4A76-B3FC-F6DAB0E83620}.Release|Any CPU.Build.0 = Release|Any CPU
	EndGlobalSection
	GlobalSection(SolutionProperties) = preSolution
		HideSolutionNode = FALSE
	EndGlobalSection
	GlobalSection(ExtensibilityGlobals) = postSolution
		SolutionGuid = {2B77BF86-F6BF-4737-B475-530C0AAF850E}
	EndGlobalSection
EndGlobal
