
Microsoft Visual Studio Solution File, Format Version 12.00
# Visual Studio Version 17
VisualStudioVersion = 17.14.36429.23 d17.14
MinimumVisualStudioVersion = 10.0.40219.1
Project("{FAE04EC0-301F-11D3-BF4B-00C04F79EFBC}") = "EleicaoForm", "EleicaoForm\EleicaoForm.csproj", "{F9F2A99F-562A-48B0-A7C6-520EF6AA96B9}"
EndProject
Global
	GlobalSection(SolutionConfigurationPlatforms) = preSolution
		Debug|Any CPU = Debug|Any CPU
		Release|Any CPU = Release|Any CPU
	EndGlobalSection
	GlobalSection(ProjectConfigurationPlatforms) = postSolution
		{F9F2A99F-562A-48B0-A7C6-520EF6AA96B9}.Debug|Any CPU.ActiveCfg = Debug|Any CPU
		{F9F2A99F-562A-48B0-A7C6-520EF6AA96B9}.Debug|Any CPU.Build.0 = Debug|Any CPU
		{F9F2A99F-562A-48B0-A7C6-520EF6AA96B9}.Release|Any CPU.ActiveCfg = Release|Any CPU
		{F9F2A99F-562A-48B0-A7C6-520EF6AA96B9}.Release|Any CPU.Build.0 = Release|Any CPU
	EndGlobalSection
	GlobalSection(SolutionProperties) = preSolution
		HideSolutionNode = FALSE
	EndGlobalSection
	GlobalSection(ExtensibilityGlobals) = postSolution
		SolutionGuid = {1B7D8E12-1141-49DD-B37D-734E69A906C8}
	EndGlobalSection
EndGlobal
