
Microsoft Visual Studio Solution File, Format Version 12.00
# Visual Studio Version 17
VisualStudioVersion = 17.14.36429.23 d17.14
MinimumVisualStudioVersion = 10.0.40219.1
Project("{FAE04EC0-301F-11D3-BF4B-00C04F79EFBC}") = "Supermercado", "Supermercado\Supermercado.csproj", "{BD498C5A-C467-46F1-93EA-8528985D02D4}"
EndProject
Global
	GlobalSection(SolutionConfigurationPlatforms) = preSolution
		Debug|Any CPU = Debug|Any CPU
		Release|Any CPU = Release|Any CPU
	EndGlobalSection
	GlobalSection(ProjectConfigurationPlatforms) = postSolution
		{BD498C5A-C467-46F1-93EA-8528985D02D4}.Debug|Any CPU.ActiveCfg = Debug|Any CPU
		{BD498C5A-C467-46F1-93EA-8528985D02D4}.Debug|Any CPU.Build.0 = Debug|Any CPU
		{BD498C5A-C467-46F1-93EA-8528985D02D4}.Release|Any CPU.ActiveCfg = Release|Any CPU
		{BD498C5A-C467-46F1-93EA-8528985D02D4}.Release|Any CPU.Build.0 = Release|Any CPU
	EndGlobalSection
	GlobalSection(SolutionProperties) = preSolution
		HideSolutionNode = FALSE
	EndGlobalSection
	GlobalSection(ExtensibilityGlobals) = postSolution
		SolutionGuid = {C5EE20B8-D8AD-470A-B423-0D07F40E0204}
	EndGlobalSection
EndGlobal
